
Microsoft Visual Studio Solution File, Format Version 12.00
# Visual Studio Version 17
Project("{8BC9CEB8-8B4A-11D0-8D11-00A0C91BC942}") = "ALL_BUILD", "ALL_BUILD.vcxproj", "{0FD9661B-5C21-39D6-B906-C211F156F334}"
	ProjectSection(ProjectDependencies) = postProject
		{6F1BFDCE-1007-3141-AEB5-C4580E3705B1} = {6F1BFDCE-1007-3141-AEB5-C4580E3705B1}
		{5B2131A9-18E2-3172-BC1B-3C02BE04969C} = {5B2131A9-18E2-3172-BC1B-3C02BE04969C}
		{E3FAAEB6-E60C-3472-9F5E-B57E5C5F6BB6} = {E3FAAEB6-E60C-3472-9F5E-B57E5C5F6BB6}
		{2AB0FCF1-DECF-3237-8F23-9B9E09E8B72C} = {2AB0FCF1-DECF-3237-8F23-9B9E09E8B72C}
	EndProjectSection
EndProject
Project("{8BC9CEB8-8B4A-11D0-8D11-00A0C91BC942}") = "INSTALL", "INSTALL.vcxproj", "{D3D378AA-E83A-387D-A0F3-7937D9EAD3A4}"
	ProjectSection(ProjectDependencies) = postProject
		{0FD9661B-5C21-39D6-B906-C211F156F334} = {0FD9661B-5C21-39D6-B906-C211F156F334}
		{5B2131A9-18E2-3172-BC1B-3C02BE04969C} = {5B2131A9-18E2-3172-BC1B-3C02BE04969C}
	EndProjectSection
EndProject
Project("{8BC9CEB8-8B4A-11D0-8D11-00A0C91BC942}") = "Motor_Simulation", "Motor_Simulation.vcxproj", "{6F1BFDCE-1007-3141-AEB5-C4580E3705B1}"
	ProjectSection(ProjectDependencies) = postProject
		{5B2131A9-18E2-3172-BC1B-3C02BE04969C} = {5B2131A9-18E2-3172-BC1B-3C02BE04969C}
		{2AB0FCF1-DECF-3237-8F23-9B9E09E8B72C} = {2AB0FCF1-DECF-3237-8F23-9B9E09E8B72C}
	EndProjectSection
EndProject
Project("{8BC9CEB8-8B4A-11D0-8D11-00A0C91BC942}") = "ZERO_CHECK", "ZERO_CHECK.vcxproj", "{5B2131A9-18E2-3172-BC1B-3C02BE04969C}"
	ProjectSection(ProjectDependencies) = postProject
	EndProjectSection
EndProject
Project("{8BC9CEB8-8B4A-11D0-8D11-00A0C91BC942}") = "modifiedPMSM_Model", "modifiedPMSM_Model.vcxproj", "{E3FAAEB6-E60C-3472-9F5E-B57E5C5F6BB6}"
	ProjectSection(ProjectDependencies) = postProject
		{5B2131A9-18E2-3172-BC1B-3C02BE04969C} = {5B2131A9-18E2-3172-BC1B-3C02BE04969C}
		{2AB0FCF1-DECF-3237-8F23-9B9E09E8B72C} = {2AB0FCF1-DECF-3237-8F23-9B9E09E8B72C}
	EndProjectSection
EndProject
Project("{8BC9CEB8-8B4A-11D0-8D11-00A0C91BC942}") = "modifiedPMSM_Model_objects", "modifiedPMSM_Model_objects.vcxproj", "{2AB0FCF1-DECF-3237-8F23-9B9E09E8B72C}"
	ProjectSection(ProjectDependencies) = postProject
		{5B2131A9-18E2-3172-BC1B-3C02BE04969C} = {5B2131A9-18E2-3172-BC1B-3C02BE04969C}
	EndProjectSection
EndProject
Global
	GlobalSection(SolutionConfigurationPlatforms) = preSolution
		Debug|x64 = Debug|x64
		Release|x64 = Release|x64
		MinSizeRel|x64 = MinSizeRel|x64
		RelWithDebInfo|x64 = RelWithDebInfo|x64
	EndGlobalSection
	GlobalSection(ProjectConfigurationPlatforms) = postSolution
		{0FD9661B-5C21-39D6-B906-C211F156F334}.Debug|x64.ActiveCfg = Debug|x64
		{0FD9661B-5C21-39D6-B906-C211F156F334}.Debug|x64.Build.0 = Debug|x64
		{0FD9661B-5C21-39D6-B906-C211F156F334}.Release|x64.ActiveCfg = Release|x64
		{0FD9661B-5C21-39D6-B906-C211F156F334}.Release|x64.Build.0 = Release|x64
		{0FD9661B-5C21-39D6-B906-C211F156F334}.MinSizeRel|x64.ActiveCfg = MinSizeRel|x64
		{0FD9661B-5C21-39D6-B906-C211F156F334}.MinSizeRel|x64.Build.0 = MinSizeRel|x64
		{0FD9661B-5C21-39D6-B906-C211F156F334}.RelWithDebInfo|x64.ActiveCfg = RelWithDebInfo|x64
		{0FD9661B-5C21-39D6-B906-C211F156F334}.RelWithDebInfo|x64.Build.0 = RelWithDebInfo|x64
		{D3D378AA-E83A-387D-A0F3-7937D9EAD3A4}.Debug|x64.ActiveCfg = Debug|x64
		{D3D378AA-E83A-387D-A0F3-7937D9EAD3A4}.Release|x64.ActiveCfg = Release|x64
		{D3D378AA-E83A-387D-A0F3-7937D9EAD3A4}.MinSizeRel|x64.ActiveCfg = MinSizeRel|x64
		{D3D378AA-E83A-387D-A0F3-7937D9EAD3A4}.RelWithDebInfo|x64.ActiveCfg = RelWithDebInfo|x64
		{6F1BFDCE-1007-3141-AEB5-C4580E3705B1}.Debug|x64.ActiveCfg = Debug|x64
		{6F1BFDCE-1007-3141-AEB5-C4580E3705B1}.Debug|x64.Build.0 = Debug|x64
		{6F1BFDCE-1007-3141-AEB5-C4580E3705B1}.Release|x64.ActiveCfg = Release|x64
		{6F1BFDCE-1007-3141-AEB5-C4580E3705B1}.Release|x64.Build.0 = Release|x64
		{6F1BFDCE-1007-3141-AEB5-C4580E3705B1}.MinSizeRel|x64.ActiveCfg = MinSizeRel|x64
		{6F1BFDCE-1007-3141-AEB5-C4580E3705B1}.MinSizeRel|x64.Build.0 = MinSizeRel|x64
		{6F1BFDCE-1007-3141-AEB5-C4580E3705B1}.RelWithDebInfo|x64.ActiveCfg = RelWithDebInfo|x64
		{6F1BFDCE-1007-3141-AEB5-C4580E3705B1}.RelWithDebInfo|x64.Build.0 = RelWithDebInfo|x64
		{5B2131A9-18E2-3172-BC1B-3C02BE04969C}.Debug|x64.ActiveCfg = Debug|x64
		{5B2131A9-18E2-3172-BC1B-3C02BE04969C}.Debug|x64.Build.0 = Debug|x64
		{5B2131A9-18E2-3172-BC1B-3C02BE04969C}.Release|x64.ActiveCfg = Release|x64
		{5B2131A9-18E2-3172-BC1B-3C02BE04969C}.Release|x64.Build.0 = Release|x64
		{5B2131A9-18E2-3172-BC1B-3C02BE04969C}.MinSizeRel|x64.ActiveCfg = MinSizeRel|x64
		{5B2131A9-18E2-3172-BC1B-3C02BE04969C}.MinSizeRel|x64.Build.0 = MinSizeRel|x64
		{5B2131A9-18E2-3172-BC1B-3C02BE04969C}.RelWithDebInfo|x64.ActiveCfg = RelWithDebInfo|x64
		{5B2131A9-18E2-3172-BC1B-3C02BE04969C}.RelWithDebInfo|x64.Build.0 = RelWithDebInfo|x64
		{E3FAAEB6-E60C-3472-9F5E-B57E5C5F6BB6}.Debug|x64.ActiveCfg = Debug|x64
		{E3FAAEB6-E60C-3472-9F5E-B57E5C5F6BB6}.Debug|x64.Build.0 = Debug|x64
		{E3FAAEB6-E60C-3472-9F5E-B57E5C5F6BB6}.Release|x64.ActiveCfg = Release|x64
		{E3FAAEB6-E60C-3472-9F5E-B57E5C5F6BB6}.Release|x64.Build.0 = Release|x64
		{E3FAAEB6-E60C-3472-9F5E-B57E5C5F6BB6}.MinSizeRel|x64.ActiveCfg = MinSizeRel|x64
		{E3FAAEB6-E60C-3472-9F5E-B57E5C5F6BB6}.MinSizeRel|x64.Build.0 = MinSizeRel|x64
		{E3FAAEB6-E60C-3472-9F5E-B57E5C5F6BB6}.RelWithDebInfo|x64.ActiveCfg = RelWithDebInfo|x64
		{E3FAAEB6-E60C-3472-9F5E-B57E5C5F6BB6}.RelWithDebInfo|x64.Build.0 = RelWithDebInfo|x64
		{2AB0FCF1-DECF-3237-8F23-9B9E09E8B72C}.Debug|x64.ActiveCfg = Debug|x64
		{2AB0FCF1-DECF-3237-8F23-9B9E09E8B72C}.Debug|x64.Build.0 = Debug|x64
		{2AB0FCF1-DECF-3237-8F23-9B9E09E8B72C}.Release|x64.ActiveCfg = Release|x64
		{2AB0FCF1-DECF-3237-8F23-9B9E09E8B72C}.Release|x64.Build.0 = Release|x64
		{2AB0FCF1-DECF-3237-8F23-9B9E09E8B72C}.MinSizeRel|x64.ActiveCfg = MinSizeRel|x64
		{2AB0FCF1-DECF-3237-8F23-9B9E09E8B72C}.MinSizeRel|x64.Build.0 = MinSizeRel|x64
		{2AB0FCF1-DECF-3237-8F23-9B9E09E8B72C}.RelWithDebInfo|x64.ActiveCfg = RelWithDebInfo|x64
		{2AB0FCF1-DECF-3237-8F23-9B9E09E8B72C}.RelWithDebInfo|x64.Build.0 = RelWithDebInfo|x64
	EndGlobalSection
	GlobalSection(ExtensibilityGlobals) = postSolution
		SolutionGuid = {F76AD75D-5ECF-391F-9D32-D3A67265289E}
	EndGlobalSection
	GlobalSection(ExtensibilityAddIns) = postSolution
	EndGlobalSection
EndGlobal
